
Microsoft Visual Studio Solution File, Format Version 12.00
# Visual Studio Version 17
VisualStudioVersion = 17.11.35312.102
MinimumVisualStudioVersion = 10.0.40219.1
Project("{FAE04EC0-301F-11D3-BF4B-00C04F79EFBC}") = "Practice_6_Methods", "Practice_6_Methods\Practice_6_Methods.csproj", "{7FC29419-78A7-49DF-B07E-6051FCAC2421}"
EndProject
Project("{FAE04EC0-301F-11D3-BF4B-00C04F79EFBC}") = "Theory", "Theory\Theory.csproj", "{6E948BFC-0C11-4C3A-9A0D-EC2F375E2CB5}"
EndProject
Global
	GlobalSection(SolutionConfigurationPlatforms) = preSolution
		Debug|Any CPU = Debug|Any CPU
		Release|Any CPU = Release|Any CPU
	EndGlobalSection
	GlobalSection(ProjectConfigurationPlatforms) = postSolution
		{7FC29419-78A7-49DF-B07E-6051FCAC2421}.Debug|Any CPU.ActiveCfg = Debug|Any CPU
		{7FC29419-78A7-49DF-B07E-6051FCAC2421}.Debug|Any CPU.Build.0 = Debug|Any CPU
		{7FC29419-78A7-49DF-B07E-6051FCAC2421}.Release|Any CPU.ActiveCfg = Release|Any CPU
		{7FC29419-78A7-49DF-B07E-6051FCAC2421}.Release|Any CPU.Build.0 = Release|Any CPU
		{6E948BFC-0C11-4C3A-9A0D-EC2F375E2CB5}.Debug|Any CPU.ActiveCfg = Debug|Any CPU
		{6E948BFC-0C11-4C3A-9A0D-EC2F375E2CB5}.Debug|Any CPU.Build.0 = Debug|Any CPU
		{6E948BFC-0C11-4C3A-9A0D-EC2F375E2CB5}.Release|Any CPU.ActiveCfg = Release|Any CPU
		{6E948BFC-0C11-4C3A-9A0D-EC2F375E2CB5}.Release|Any CPU.Build.0 = Release|Any CPU
	EndGlobalSection
	GlobalSection(SolutionProperties) = preSolution
		HideSolutionNode = FALSE
	EndGlobalSection
	GlobalSection(ExtensibilityGlobals) = postSolution
		SolutionGuid = {8DA8B4A9-849E-4FE9-BE67-85392CFC78AF}
	EndGlobalSection
EndGlobal
